
Microsoft Visual Studio Solution File, Format Version 12.00
# Visual Studio Version 17
VisualStudioVersion = 17.2.32602.215
MinimumVisualStudioVersion = 10.0.40219.1
Project("{9A19103F-16F7-4668-BE54-9A1E7A4F7556}") = "Client", "Client\Client.csproj", "{08A87208-781F-4B1F-86FF-C49D56C41333}"
EndProject
Project("{9A19103F-16F7-4668-BE54-9A1E7A4F7556}") = "Server", "Server\Server.csproj", "{BD1FBF3B-7846-4BFA-B3CC-5D296A1601E7}"
EndProject
Project("{9A19103F-16F7-4668-BE54-9A1E7A4F7556}") = "Connection", "Connection\Connection.csproj", "{A544F6BA-0134-44CA-9CD8-56BC74AC31BC}"
EndProject
Project("{FAE04EC0-301F-11D3-BF4B-00C04F79EFBC}") = "TankLibrary", "TankLibrary\TankLibrary.csproj", "{B5717207-130C-4CCF-8119-96077AE9002E}"
EndProject
Global
	GlobalSection(SolutionConfigurationPlatforms) = preSolution
		Debug|Any CPU = Debug|Any CPU
		Release|Any CPU = Release|Any CPU
	EndGlobalSection
	GlobalSection(ProjectConfigurationPlatforms) = postSolution
		{08A87208-781F-4B1F-86FF-C49D56C41333}.Debug|Any CPU.ActiveCfg = Debug|Any CPU
		{08A87208-781F-4B1F-86FF-C49D56C41333}.Debug|Any CPU.Build.0 = Debug|Any CPU
		{08A87208-781F-4B1F-86FF-C49D56C41333}.Release|Any CPU.ActiveCfg = Release|Any CPU
		{08A87208-781F-4B1F-86FF-C49D56C41333}.Release|Any CPU.Build.0 = Release|Any CPU
		{BD1FBF3B-7846-4BFA-B3CC-5D296A1601E7}.Debug|Any CPU.ActiveCfg = Debug|Any CPU
		{BD1FBF3B-7846-4BFA-B3CC-5D296A1601E7}.Debug|Any CPU.Build.0 = Debug|Any CPU
		{BD1FBF3B-7846-4BFA-B3CC-5D296A1601E7}.Release|Any CPU.ActiveCfg = Release|Any CPU
		{BD1FBF3B-7846-4BFA-B3CC-5D296A1601E7}.Release|Any CPU.Build.0 = Release|Any CPU
		{A544F6BA-0134-44CA-9CD8-56BC74AC31BC}.Debug|Any CPU.ActiveCfg = Debug|Any CPU
		{A544F6BA-0134-44CA-9CD8-56BC74AC31BC}.Debug|Any CPU.Build.0 = Debug|Any CPU
		{A544F6BA-0134-44CA-9CD8-56BC74AC31BC}.Release|Any CPU.ActiveCfg = Release|Any CPU
		{A544F6BA-0134-44CA-9CD8-56BC74AC31BC}.Release|Any CPU.Build.0 = Release|Any CPU
		{B5717207-130C-4CCF-8119-96077AE9002E}.Debug|Any CPU.ActiveCfg = Debug|Any CPU
		{B5717207-130C-4CCF-8119-96077AE9002E}.Debug|Any CPU.Build.0 = Debug|Any CPU
		{B5717207-130C-4CCF-8119-96077AE9002E}.Release|Any CPU.ActiveCfg = Release|Any CPU
		{B5717207-130C-4CCF-8119-96077AE9002E}.Release|Any CPU.Build.0 = Release|Any CPU
	EndGlobalSection
	GlobalSection(SolutionProperties) = preSolution
		HideSolutionNode = FALSE
	EndGlobalSection
	GlobalSection(ExtensibilityGlobals) = postSolution
		SolutionGuid = {32498A20-C335-4D1F-90BD-DD292B820F58}
	EndGlobalSection
EndGlobal
